
Microsoft Visual Studio Solution File, Format Version 12.00
# Visual Studio Version 17
VisualStudioVersion = 17.5.002.0
MinimumVisualStudioVersion = 10.0.40219.1
Project("{9A19103F-16F7-4668-BE54-9A1E7A4F7556}") = "OOP 10-stars", "OOP 10-stars.csproj", "{745E2345-E766-438A-B249-434BA1E42136}"
EndProject
Global
	GlobalSection(SolutionConfigurationPlatforms) = preSolution
		Debug|Any CPU = Debug|Any CPU
		Release|Any CPU = Release|Any CPU
	EndGlobalSection
	GlobalSection(ProjectConfigurationPlatforms) = postSolution
		{745E2345-E766-438A-B249-434BA1E42136}.Debug|Any CPU.ActiveCfg = Debug|Any CPU
		{745E2345-E766-438A-B249-434BA1E42136}.Debug|Any CPU.Build.0 = Debug|Any CPU
		{745E2345-E766-438A-B249-434BA1E42136}.Release|Any CPU.ActiveCfg = Release|Any CPU
		{745E2345-E766-438A-B249-434BA1E42136}.Release|Any CPU.Build.0 = Release|Any CPU
	EndGlobalSection
	GlobalSection(SolutionProperties) = preSolution
		HideSolutionNode = FALSE
	EndGlobalSection
	GlobalSection(ExtensibilityGlobals) = postSolution
		SolutionGuid = {34CE2A71-B5D4-4D2A-A389-3E3CBEB85DF0}
	EndGlobalSection
EndGlobal
